// !$*UTF8*$!
{
	archiveVersion = 1;
	classes = {
	};
	objectVersion = 50;
	objects = {

/* Begin PBXBuildFile section */
		46A7ED39209A40DD006C2D3C /* AppDelegate.swift in Sources */ = {isa = PBXBuildFile; fileRef = 46A7ED38209A40DD006C2D3C /* AppDelegate.swift */; };
		46A7ED3B209A40DD006C2D3C /* ViewController.swift in Sources */ = {isa = PBXBuildFile; fileRef = 46A7ED3A209A40DD006C2D3C /* ViewController.swift */; };
		46A7ED3E209A40DD006C2D3C /* Main.storyboard in Resources */ = {isa = PBXBuildFile; fileRef = 46A7ED3C209A40DD006C2D3C /* Main.storyboard */; };
		46A7ED40209A40E0006C2D3C /* Assets.xcassets in Resources */ = {isa = PBXBuildFile; fileRef = 46A7ED3F209A40E0006C2D3C /* Assets.xcassets */; };
		46A7ED43209A40E0006C2D3C /* LaunchScreen.storyboard in Resources */ = {isa = PBXBuildFile; fileRef = 46A7ED41209A40E0006C2D3C /* LaunchScreen.storyboard */; };
/* End PBXBuildFile section */

/* Begin PBXFileReference section */
		46A7ED35209A40DD006C2D3C /* ImagePickerApp.app */ = {isa = PBXFileReference; explicitFileType = wrapper.application; includeInIndex = 0; path = ImagePickerApp.app; sourceTree = BUILT_PRODUCTS_DIR; };
		46A7ED38209A40DD006C2D3C /* AppDelegate.swift */ = {isa = PBXFileReference; lastKnownFileType = sourcecode.swift; path = AppDelegate.swift; sourceTree = "<group>"; };
		46A7ED3A209A40DD006C2D3C /* ViewController.swift */ = {isa = PBXFileReference; lastKnownFileType = sourcecode.swift; path = ViewController.swift; sourceTree = "<group>"; };
		46A7ED3D209A40DD006C2D3C /* Base */ = {isa = PBXFileReference; lastKnownFileType = file.storyboard; name = Base; path = Base.lproj/Main.storyboard; sourceTree = "<group>"; };
		46A7ED3F209A40E0006C2D3C /* Assets.xcassets */ = {isa = PBXFileReference; lastKnownFileType = folder.assetcatalog; path = Assets.xcassets; sourceTree = "<group>"; };
		46A7ED42209A40E0006C2D3C /* Base */ = {isa = PBXFileReference; lastKnownFileType = file.storyboard; name = Base; path = Base.lproj/LaunchScreen.storyboard; sourceTree = "<group>"; };
		46A7ED44209A40E0006C2D3C /* Info.plist */ = {isa = PBXFileReference; lastKnownFileType = text.plist.xml; path = Info.plist; sourceTree = "<group>"; };
/* End PBXFileReference section */

/* Begin PBXFrameworksBuildPhase section */
		46A7ED32209A40DD006C2D3C /* Frameworks */ = {
			isa = PBXFrameworksBuildPhase;
			buildActionMask = 2147483647;
			files = (
			);
			runOnlyForDeploymentPostprocessing = 0;
		};
/* End PBXFrameworksBuildPhase section */

/* Begin PBXGroup section */
		46A7ED2C209A40DD006C2D3C = {
			isa = PBXGroup;
			children = (
				46A7ED37209A40DD006C2D3C /* ImagePickerApp */,
				46A7ED36209A40DD006C2D3C /* Products */,
			);
			sourceTree = "<group>";
		};
		46A7ED36209A40DD006C2D3C /* Products */ = {
			isa = PBXGroup;
			children = (
				46A7ED35209A40DD006C2D3C /* ImagePickerApp.app */,
			);
			name = Products;
			sourceTree = "<group>";
		};
		46A7ED37209A40DD006C2D3C /* ImagePickerApp */ = {
			isa = PBXGroup;
			children = (
				46A7ED38209A40DD006C2D3C /* AppDelegate.swift */,
				46A7ED3A209A40DD006C2D3C /* ViewController.swift */,
				46A7ED3C209A40DD006C2D3C /* Main.storyboard */,
				46A7ED3F209A40E0006C2D3C /* Assets.xcassets */,
				46A7ED41209A40E0006C2D3C /* LaunchScreen.storyboard */,
				46A7ED44209A40E0006C2D3C /* Info.plist */,
			);
			path = ImagePickerApp;
			sourceTree = "<group>";
		};
/* End PBXGroup section */

/* Begin PBXNativeTarget section */
		46A7ED34209A40DD006C2D3C /* ImagePickerApp */ = {
			isa = PBXNativeTarget;
			buildConfigurationList = 46A7ED47209A40E0006C2D3C /* Build configuration list for PBXNativeTarget "ImagePickerApp" */;
			buildPhases = (
				46A7ED31209A40DD006C2D3C /* Sources */,
				46A7ED32209A40DD006C2D3C /* Frameworks */,
				46A7ED33209A40DD006C2D3C /* Resources */,
			);
			buildRules = (
			);
			dependencies = (
			);
			name = ImagePickerApp;
			productName = ImagePickerApp;
			productReference = 46A7ED35209A40DD006C2D3C /* ImagePickerApp.app */;
			productType = "com.apple.product-type.application";
		};
/* End PBXNativeTarget section */

/* Begin PBXProject section */
		46A7ED2D209A40DD006C2D3C /* Project object */ = {
			isa = PBXProject;
			attributes = {
				LastSwiftUpdateCheck = 0930;
				LastUpgradeCheck = 0930;
				ORGANIZATIONNAME = "Mohamed Kelany";
				TargetAttributes = {
					46A7ED34209A40DD006C2D3C = {
						CreatedOnToolsVersion = 9.3;
					};
				};
			};
			buildConfigurationList = 46A7ED30209A40DD006C2D3C /* Build configuration list for PBXProject "ImagePickerApp" */;
			compatibilityVersion = "Xcode 9.3";
			developmentRegion = en;
			hasScannedForEncodings = 0;
			knownRegions = (
				en,
				Base,
			);
			mainGroup = 46A7ED2C209A40DD006C2D3C;
			productRefGroup = 46A7ED36209A40DD006C2D3C /* Products */;
			projectDirPath = "";
			projectRoot = "";
			targets = (
				46A7ED34209A40DD006C2D3C /* ImagePickerApp */,
			);
		};
/* End PBXProject section */

/* Begin PBXResourcesBuildPhase section */
		46A7ED33209A40DD006C2D3C /* Resources */ = {
			isa = PBXResourcesBuildPhase;
			buildActionMask = 2147483647;
			files = (
				46A7ED43209A40E0006C2D3C /* LaunchScreen.storyboard in Resources */,
				46A7ED40209A40E0006C2D3C /* Assets.xcassets in Resources */,
				46A7ED3E209A40DD006C2D3C /* Main.storyboard in Resources */,
			);
			runOnlyForDeploymentPostprocessing = 0;
		};
/* End PBXResourcesBuildPhase section */

/* Begin PBXSourcesBuildPhase section */
		46A7ED31209A40DD006C2D3C /* Sources */ = {
			isa = PBXSourcesBuildPhase;
			buildActionMask = 2147483647;
			files = (
				46A7ED3B209A40DD006C2D3C /* ViewController.swift in Sources */,
				46A7ED39209A40DD006C2D3C /* AppDelegate.swift in Sources */,
			);
			runOnlyForDeploymentPostprocessing = 0;
		};
/* End PBXSourcesBuildPhase section */

/* Begin PBXVariantGroup section */
		46A7ED3C209A40DD006C2D3C /* Main.storyboard */ = {
			isa = PBXVariantGroup;
			children = (
				46A7ED3D209A40DD006C2D3C /* Base */,
			);
			name = Main.storyboard;
			sourceTree = "<group>";
		};
		46A7ED41209A40E0006C2D3C /* LaunchScreen.storyboard */ = {
			isa = PBXVariantGroup;
			children = (
				46A7ED42209A40E0006C2D3C /* Base */,
			);
			name = LaunchScreen.storyboard;
			sourceTree = "<group>";
		};
/* End PBXVariantGroup section */

/* Begin XCBuildConfiguration section */
		46A7ED45209A40E0006C2D3C /* Debug */ = {
			isa = XCBuildConfiguration;
			buildSettings = {
				ALWAYS_SEARCH_USER_PATHS = NO;
				CLANG_ANALYZER_NONNULL = YES;
				CLANG_ANALYZER_NUMBER_OBJECT_CONVERSION = YES_AGGRESSIVE;
				CLANG_CXX_LANGUAGE_STANDARD = "gnu++14";
				CLANG_CXX_LIBRARY = "libc++";
				CLANG_ENABLE_MODULES = YES;
				CLANG_ENABLE_OBJC_ARC = YES;
				CLANG_ENABLE_OBJC_WEAK = YES;
				CLANG_WARN_BLOCK_CAPTURE_AUTORELEASING = YES;
				CLANG_WARN_BOOL_CONVERSION = YES;
				CLANG_WARN_COMMA = YES;
				CLANG_WARN_CONSTANT_CONVERSION = YES;
				CLANG_WARN_DEPRECATED_OBJC_IMPLEMENTATIONS = YES;
				CLANG_WARN_DIRECT_OBJC_ISA_USAGE = YES_ERROR;
				CLANG_WARN_DOCUMENTATION_COMMENTS = YES;
				CLANG_WARN_EMPTY_BODY = YES;
				CLANG_WARN_ENUM_CONVERSION = YES;
				CLANG_WARN_INFINITE_RECURSION = YES;
				CLANG_WARN_INT_CONVERSION = YES;
				CLANG_WARN_NON_LITERAL_NULL_CONVERSION = YES;
				CLANG_WARN_OBJC_IMPLICIT_RETAIN_SELF = YES;
				CLANG_WARN_OBJC_LITERAL_CONVERSION = YES;
				CLANG_WARN_OBJC_ROOT_CLASS = YES_ERROR;
				CLANG_WARN_RANGE_LOOP_ANALYSIS = YES;
				CLANG_WARN_STRICT_PROTOTYPES = YES;
				CLANG_WARN_SUSPICIOUS_MOVE = YES;
				CLANG_WARN_UNGUARDED_AVAILABILITY = YES_AGGRESSIVE;
				CLANG_WARN_UNREACHABLE_CODE = YES;
				CLANG_WARN__DUPLICATE_METHOD_MATCH = YES;
				CODE_SIGN_IDENTITY = "iPhone Developer";
				COPY_PHASE_STRIP = NO;
				DEBUG_INFORMATION_FORMAT = dwarf;
				ENABLE_STRICT_OBJC_MSGSEND = YES;
				ENABLE_TESTABILITY = YES;
				GCC_C_LANGUAGE_STANDARD = gnu11;
				GCC_DYNAMIC_NO_PIC = NO;
				GCC_NO_COMMON_BLOCKS = YES;
				GCC_OPTIMIZATION_LEVEL = 0;
				GCC_PREPROCESSOR_DEFINITIONS = (
					"DEBUG=1",
					"$(inherited)",
				);
				GCC_WARN_64_TO_32_BIT_CONVERSION = YES;
				GCC_WARN_ABOUT_RETURN_TYPE = YES_ERROR;
				GCC_WARN_UNDECLARED_SELECTOR = YES;
				GCC_WARN_UNINITIALIZED_AUTOS = YES_AGGRESSIVE;
				GCC_WARN_UNUSED_FUNCTION = YES;
				GCC_WARN_UNUSED_VARIABLE = YES;
				IPHONEOS_DEPLOYMENT_TARGET = 11.3;
				MTL_ENABLE_DEBUG_INFO = YES;
				ONLY_ACTIVE_ARCH = YES;
				SDKROOT = iphoneos;
				SWIFT_ACTIVE_COMPILATION_CONDITIONS = DEBUG;
				SWIFT_OPTIMIZATION_LEVEL = "-Onone";
			};
			name = Debug;
		};
		46A7ED46209A40E0006C2D3C /* Release */ = {
			isa = XCBuildConfiguration;
			buildSettings = {
				ALWAYS_SEARCH_USER_PATHS = NO;
				CLANG_ANALYZER_NONNULL = YES;
				CLANG_ANALYZER_NUMBER_OBJECT_CONVERSION = YES_AGGRESSIVE;
				CLANG_CXX_LANGUAGE_STANDARD = "gnu++14";
				CLANG_CXX_LIBRARY = "libc++";
				CLANG_ENABLE_MODULES = YES;
				CLANG_ENABLE_OBJC_ARC = YES;
				CLANG_ENABLE_OBJC_WEAK = YES;
				CLANG_WARN_BLOCK_CAPTURE_AUTORELEASING = YES;
				CLANG_WARN_BOOL_CONVERSION = YES;
				CLANG_WARN_COMMA = YES;
				CLANG_WARN_CONSTANT_CONVERSION = YES;
				CLANG_WARN_DEPRECATED_OBJC_IMPLEMENTATIONS = YES;
				CLANG_WARN_DIRECT_OBJC_ISA_USAGE = YES_ERROR;
				CLANG_WARN_DOCUMENTATION_COMMENTS = YES;
				CLANG_WARN_EMPTY_BODY = YES;
				CLANG_WARN_ENUM_CONVERSION = YES;
				CLANG_WARN_INFINITE_RECURSION = YES;
				CLANG_WARN_INT_CONVERSION = YES;
				CLANG_WARN_NON_LITERAL_NULL_CONVERSION = YES;
				CLANG_WARN_OBJC_IMPLICIT_RETAIN_SELF = YES;
				CLANG_WARN_OBJC_LITERAL_CONVERSION = YES;
				CLANG_WARN_OBJC_ROOT_CLASS = YES_ERROR;
				CLANG_WARN_RANGE_LOOP_ANALYSIS = YES;
				CLANG_WARN_STRICT_PROTOTYPES = YES;
				CLANG_WARN_SUSPICIOUS_MOVE = YES;
				CLANG_WARN_UNGUARDED_AVAILABILITY = YES_AGGRESSIVE;
				CLANG_WARN_UNREACHABLE_CODE = YES;
				CLANG_WARN__DUPLICATE_METHOD_MATCH = YES;
				CODE_SIGN_IDENTITY = "iPhone Developer";
				COPY_PHASE_STRIP = NO;
				DEBUG_INFORMATION_FORMAT = "dwarf-with-dsym";
				ENABLE_NS_ASSERTIONS = NO;
				ENABLE_STRICT_OBJC_MSGSEND = YES;
				GCC_C_LANGUAGE_STANDARD = gnu11;
				GCC_NO_COMMON_BLOCKS = YES;
				GCC_WARN_64_TO_32_BIT_CONVERSION = YES;
				GCC_WARN_ABOUT_RETURN_TYPE = YES_ERROR;
				GCC_WARN_UNDECLARED_SELECTOR = YES;
				GCC_WARN_UNINITIALIZED_AUTOS = YES_AGGRESSIVE;
				GCC_WARN_UNUSED_FUNCTION = YES;
				GCC_WARN_UNUSED_VARIABLE = YES;
				IPHONEOS_DEPLOYMENT_TARGET = 11.3;
				MTL_ENABLE_DEBUG_INFO = NO;
				SDKROOT = iphoneos;
				SWIFT_COMPILATION_MODE = wholemodule;
				SWIFT_OPTIMIZATION_LEVEL = "-O";
				VALIDATE_PRODUCT = YES;
			};
			name = Release;
		};
		46A7ED48209A40E0006C2D3C /* Debug */ = {
			isa = XCBuildConfiguration;
			buildSettings = {
				ASSETCATALOG_COMPILER_APPICON_NAME = AppIcon;
				CODE_SIGN_STYLE = Automatic;
				DEVELOPMENT_TEAM = 5YA4F6ZP59;
				INFOPLIST_FILE = ImagePickerApp/Info.plist;
				LD_RUNPATH_SEARCH_PATHS = (
					"$(inherited)",
					"@executable_path/Frameworks",
				);
				PRODUCT_BUNDLE_IDENTIFIER = com.kelany.ImagePickerApp;
				PRODUCT_NAME = "$(TARGET_NAME)";
				SWIFT_VERSION = 4.0;
				TARGETED_DEVICE_FAMILY = "1,2";
			};
			name = Debug;
		};
		46A7ED49209A40E0006C2D3C /* Release */ = {
			isa = XCBuildConfiguration;
			buildSettings = {
				ASSETCATALOG_COMPILER_APPICON_NAME = AppIcon;
				CODE_SIGN_STYLE = Automatic;
				DEVELOPMENT_TEAM = 5YA4F6ZP59;
				INFOPLIST_FILE = ImagePickerApp/Info.plist;
				LD_RUNPATH_SEARCH_PATHS = (
					"$(inherited)",
					"@executable_path/Frameworks",
				);
				PRODUCT_BUNDLE_IDENTIFIER = com.kelany.ImagePickerApp;
				PRODUCT_NAME = "$(TARGET_NAME)";
				SWIFT_VERSION = 4.0;
				TARGETED_DEVICE_FAMILY = "1,2";
			};
			name = Release;
		};
/* End XCBuildConfiguration section */

/* Begin XCConfigurationList section */
		46A7ED30209A40DD006C2D3C /* Build configuration list for PBXProject "ImagePickerApp" */ = {
			isa = XCConfigurationList;
			buildConfigurations = (
				46A7ED45209A40E0006C2D3C /* Debug */,
				46A7ED46209A40E0006C2D3C /* Release */,
			);
			defaultConfigurationIsVisible = 0;
			defaultConfigurationName = Release;
		};
		46A7ED47209A40E0006C2D3C /* Build configuration list for PBXNativeTarget "ImagePickerApp" */ = {
			isa = XCConfigurationList;
			buildConfigurations = (
				46A7ED48209A40E0006C2D3C /* Debug */,
				46A7ED49209A40E0006C2D3C /* Release */,
			);
			defaultConfigurationIsVisible = 0;
			defaultConfigurationName = Release;
		};
/* End XCConfigurationList section */
	};
	rootObject = 46A7ED2D209A40DD006C2D3C /* Project object */;
}
